
Microsoft Visual Studio Solution File, Format Version 12.00
# Visual Studio Version 16
VisualStudioVersion = 16.0.29306.81
MinimumVisualStudioVersion = 10.0.40219.1
Project("{FAE04EC0-301F-11D3-BF4B-00C04F79EFBC}") = "TradingCompany.ConsoleUI", "TradingCompany.ConsoleUI\TradingCompany.ConsoleUI.csproj", "{5CB756FF-23FE-4083-8110-08192E3FF15E}"
EndProject
Project("{FAE04EC0-301F-11D3-BF4B-00C04F79EFBC}") = "TradingCompany.DAL", "TradingCompany.DAL\TradingCompany.DAL.csproj", "{5B801DAC-2848-46C4-ADAA-0740585CEB1D}"
EndProject
Project("{FAE04EC0-301F-11D3-BF4B-00C04F79EFBC}") = "TradingCompany.UnitTests", "TradingCompany.UnitTests\TradingCompany.UnitTests.csproj", "{17F757E1-14F7-4310-A665-357A7B5BF6AD}"
EndProject
Project("{FAE04EC0-301F-11D3-BF4B-00C04F79EFBC}") = "TradingCompany.FormsUI", "TradingCompany.FormsUI\TradingCompany.FormsUI.csproj", "{85728138-6B71-4912-8CA4-80E1D45A916F}"
EndProject
Project("{FAE04EC0-301F-11D3-BF4B-00C04F79EFBC}") = "TradingCompany.BLL", "TradingCompany.BLL\TradingCompany.BLL.csproj", "{55B926C3-81BE-4E25-BF7B-85E8CB403374}"
EndProject
Project("{FAE04EC0-301F-11D3-BF4B-00C04F79EFBC}") = "WPFUI", "WPFUI\WPFUI.csproj", "{83C3114F-8117-4A16-9C70-36EF0D078623}"
EndProject
Global
	GlobalSection(SolutionConfigurationPlatforms) = preSolution
		Debug|Any CPU = Debug|Any CPU
		Release|Any CPU = Release|Any CPU
	EndGlobalSection
	GlobalSection(ProjectConfigurationPlatforms) = postSolution
		{5CB756FF-23FE-4083-8110-08192E3FF15E}.Debug|Any CPU.ActiveCfg = Debug|Any CPU
		{5CB756FF-23FE-4083-8110-08192E3FF15E}.Debug|Any CPU.Build.0 = Debug|Any CPU
		{5CB756FF-23FE-4083-8110-08192E3FF15E}.Release|Any CPU.ActiveCfg = Release|Any CPU
		{5CB756FF-23FE-4083-8110-08192E3FF15E}.Release|Any CPU.Build.0 = Release|Any CPU
		{5B801DAC-2848-46C4-ADAA-0740585CEB1D}.Debug|Any CPU.ActiveCfg = Debug|Any CPU
		{5B801DAC-2848-46C4-ADAA-0740585CEB1D}.Debug|Any CPU.Build.0 = Debug|Any CPU
		{5B801DAC-2848-46C4-ADAA-0740585CEB1D}.Release|Any CPU.ActiveCfg = Release|Any CPU
		{5B801DAC-2848-46C4-ADAA-0740585CEB1D}.Release|Any CPU.Build.0 = Release|Any CPU
		{17F757E1-14F7-4310-A665-357A7B5BF6AD}.Debug|Any CPU.ActiveCfg = Debug|Any CPU
		{17F757E1-14F7-4310-A665-357A7B5BF6AD}.Debug|Any CPU.Build.0 = Debug|Any CPU
		{17F757E1-14F7-4310-A665-357A7B5BF6AD}.Release|Any CPU.ActiveCfg = Release|Any CPU
		{17F757E1-14F7-4310-A665-357A7B5BF6AD}.Release|Any CPU.Build.0 = Release|Any CPU
		{85728138-6B71-4912-8CA4-80E1D45A916F}.Debug|Any CPU.ActiveCfg = Debug|Any CPU
		{85728138-6B71-4912-8CA4-80E1D45A916F}.Debug|Any CPU.Build.0 = Debug|Any CPU
		{85728138-6B71-4912-8CA4-80E1D45A916F}.Release|Any CPU.ActiveCfg = Release|Any CPU
		{85728138-6B71-4912-8CA4-80E1D45A916F}.Release|Any CPU.Build.0 = Release|Any CPU
		{55B926C3-81BE-4E25-BF7B-85E8CB403374}.Debug|Any CPU.ActiveCfg = Debug|Any CPU
		{55B926C3-81BE-4E25-BF7B-85E8CB403374}.Debug|Any CPU.Build.0 = Debug|Any CPU
		{55B926C3-81BE-4E25-BF7B-85E8CB403374}.Release|Any CPU.ActiveCfg = Release|Any CPU
		{55B926C3-81BE-4E25-BF7B-85E8CB403374}.Release|Any CPU.Build.0 = Release|Any CPU
		{83C3114F-8117-4A16-9C70-36EF0D078623}.Debug|Any CPU.ActiveCfg = Debug|Any CPU
		{83C3114F-8117-4A16-9C70-36EF0D078623}.Debug|Any CPU.Build.0 = Debug|Any CPU
		{83C3114F-8117-4A16-9C70-36EF0D078623}.Release|Any CPU.ActiveCfg = Release|Any CPU
		{83C3114F-8117-4A16-9C70-36EF0D078623}.Release|Any CPU.Build.0 = Release|Any CPU
	EndGlobalSection
	GlobalSection(SolutionProperties) = preSolution
		HideSolutionNode = FALSE
	EndGlobalSection
	GlobalSection(ExtensibilityGlobals) = postSolution
		SolutionGuid = {C8202CF0-184B-43D2-BB95-9E4C0C726699}
	EndGlobalSection
EndGlobal
